
Microsoft Visual Studio Solution File, Format Version 12.00
# Visual Studio Version 17
VisualStudioVersion = 17.0.31903.59
MinimumVisualStudioVersion = 10.0.40219.1
Project("{2150E333-8FDC-42A3-9474-1A3956D46DE8}") = "src", "src", "{827E0CD3-B72D-47B6-A68D-7590B98EB39B}"
EndProject
Project("{FAE04EC0-301F-11D3-BF4B-00C04F79EFBC}") = "PlayNext.Domain", "src\PlayNext.Domain\PlayNext.Domain.csproj", "{FAE85EAF-3D2B-4EAA-90EB-FC62985F1730}"
EndProject
Project("{FAE04EC0-301F-11D3-BF4B-00C04F79EFBC}") = "PlayNext.Application", "src\PlayNext.Application\PlayNext.Application.csproj", "{090CF7DE-9402-4B61-BDCD-CFBCCF37020F}"
EndProject
Project("{FAE04EC0-301F-11D3-BF4B-00C04F79EFBC}") = "PlayNext.Infrastructure", "src\PlayNext.Infrastructure\PlayNext.Infrastructure.csproj", "{B0D832D7-56B0-413E-BC71-12A9258638AB}"
EndProject
Project("{FAE04EC0-301F-11D3-BF4B-00C04F79EFBC}") = "PlayNext.Api", "src\PlayNext.Api\PlayNext.Api.csproj", "{50D0620A-B72B-4D10-AD4A-53CF660AA1D7}"
EndProject
Project("{FAE04EC0-301F-11D3-BF4B-00C04F79EFBC}") = "PlayNext.Domain.Tests", "tests\PlayNext.Domain.Tests\PlayNext.Domain.Tests.csproj", "{9AFEC68C-B017-41AF-928C-9B14CDC411DE}"
EndProject
Project("{FAE04EC0-301F-11D3-BF4B-00C04F79EFBC}") = "PlayNext.Application.Tests", "tests\PlayNext.Application.Tests\PlayNext.Application.Tests.csproj", "{D8E66B8D-7484-4200-977C-17E5AD5DDE6C}"
EndProject
Project("{FAE04EC0-301F-11D3-BF4B-00C04F79EFBC}") = "PlayNext.Api.IntegrationTests", "tests\PlayNext.Api.IntegrationTests\PlayNext.Api.IntegrationTests.csproj", "{5B965645-30C2-4727-AECF-90B3FCC3F00A}"
EndProject
Global
	GlobalSection(SolutionConfigurationPlatforms) = preSolution
		Debug|Any CPU = Debug|Any CPU
		Debug|x64 = Debug|x64
		Debug|x86 = Debug|x86
		Release|Any CPU = Release|Any CPU
		Release|x64 = Release|x64
		Release|x86 = Release|x86
	EndGlobalSection
	GlobalSection(ProjectConfigurationPlatforms) = postSolution
		{FAE85EAF-3D2B-4EAA-90EB-FC62985F1730}.Debug|Any CPU.ActiveCfg = Debug|Any CPU
		{FAE85EAF-3D2B-4EAA-90EB-FC62985F1730}.Debug|Any CPU.Build.0 = Debug|Any CPU
		{FAE85EAF-3D2B-4EAA-90EB-FC62985F1730}.Debug|x64.ActiveCfg = Debug|Any CPU
		{FAE85EAF-3D2B-4EAA-90EB-FC62985F1730}.Debug|x64.Build.0 = Debug|Any CPU
		{FAE85EAF-3D2B-4EAA-90EB-FC62985F1730}.Debug|x86.ActiveCfg = Debug|Any CPU
		{FAE85EAF-3D2B-4EAA-90EB-FC62985F1730}.Debug|x86.Build.0 = Debug|Any CPU
		{FAE85EAF-3D2B-4EAA-90EB-FC62985F1730}.Release|Any CPU.ActiveCfg = Release|Any CPU
		{FAE85EAF-3D2B-4EAA-90EB-FC62985F1730}.Release|Any CPU.Build.0 = Release|Any CPU
		{FAE85EAF-3D2B-4EAA-90EB-FC62985F1730}.Release|x64.ActiveCfg = Release|Any CPU
		{FAE85EAF-3D2B-4EAA-90EB-FC62985F1730}.Release|x64.Build.0 = Release|Any CPU
		{FAE85EAF-3D2B-4EAA-90EB-FC62985F1730}.Release|x86.ActiveCfg = Release|Any CPU
		{FAE85EAF-3D2B-4EAA-90EB-FC62985F1730}.Release|x86.Build.0 = Release|Any CPU
		{090CF7DE-9402-4B61-BDCD-CFBCCF37020F}.Debug|Any CPU.ActiveCfg = Debug|Any CPU
		{090CF7DE-9402-4B61-BDCD-CFBCCF37020F}.Debug|Any CPU.Build.0 = Debug|Any CPU
		{090CF7DE-9402-4B61-BDCD-CFBCCF37020F}.Debug|x64.ActiveCfg = Debug|Any CPU
		{090CF7DE-9402-4B61-BDCD-CFBCCF37020F}.Debug|x64.Build.0 = Debug|Any CPU
		{090CF7DE-9402-4B61-BDCD-CFBCCF37020F}.Debug|x86.ActiveCfg = Debug|Any CPU
		{090CF7DE-9402-4B61-BDCD-CFBCCF37020F}.Debug|x86.Build.0 = Debug|Any CPU
		{090CF7DE-9402-4B61-BDCD-CFBCCF37020F}.Release|Any CPU.ActiveCfg = Release|Any CPU
		{090CF7DE-9402-4B61-BDCD-CFBCCF37020F}.Release|Any CPU.Build.0 = Release|Any CPU
		{090CF7DE-9402-4B61-BDCD-CFBCCF37020F}.Release|x64.ActiveCfg = Release|Any CPU
		{090CF7DE-9402-4B61-BDCD-CFBCCF37020F}.Release|x64.Build.0 = Release|Any CPU
		{090CF7DE-9402-4B61-BDCD-CFBCCF37020F}.Release|x86.ActiveCfg = Release|Any CPU
		{090CF7DE-9402-4B61-BDCD-CFBCCF37020F}.Release|x86.Build.0 = Release|Any CPU
		{B0D832D7-56B0-413E-BC71-12A9258638AB}.Debug|Any CPU.ActiveCfg = Debug|Any CPU
		{B0D832D7-56B0-413E-BC71-12A9258638AB}.Debug|Any CPU.Build.0 = Debug|Any CPU
		{B0D832D7-56B0-413E-BC71-12A9258638AB}.Debug|x64.ActiveCfg = Debug|Any CPU
		{B0D832D7-56B0-413E-BC71-12A9258638AB}.Debug|x64.Build.0 = Debug|Any CPU
		{B0D832D7-56B0-413E-BC71-12A9258638AB}.Debug|x86.ActiveCfg = Debug|Any CPU
		{B0D832D7-56B0-413E-BC71-12A9258638AB}.Debug|x86.Build.0 = Debug|Any CPU
		{B0D832D7-56B0-413E-BC71-12A9258638AB}.Release|Any CPU.ActiveCfg = Release|Any CPU
		{B0D832D7-56B0-413E-BC71-12A9258638AB}.Release|Any CPU.Build.0 = Release|Any CPU
		{B0D832D7-56B0-413E-BC71-12A9258638AB}.Release|x64.ActiveCfg = Release|Any CPU
		{B0D832D7-56B0-413E-BC71-12A9258638AB}.Release|x64.Build.0 = Release|Any CPU
		{B0D832D7-56B0-413E-BC71-12A9258638AB}.Release|x86.ActiveCfg = Release|Any CPU
		{B0D832D7-56B0-413E-BC71-12A9258638AB}.Release|x86.Build.0 = Release|Any CPU
		{50D0620A-B72B-4D10-AD4A-53CF660AA1D7}.Debug|Any CPU.ActiveCfg = Debug|Any CPU
		{50D0620A-B72B-4D10-AD4A-53CF660AA1D7}.Debug|Any CPU.Build.0 = Debug|Any CPU
		{50D0620A-B72B-4D10-AD4A-53CF660AA1D7}.Debug|x64.ActiveCfg = Debug|Any CPU
		{50D0620A-B72B-4D10-AD4A-53CF660AA1D7}.Debug|x64.Build.0 = Debug|Any CPU
		{50D0620A-B72B-4D10-AD4A-53CF660AA1D7}.Debug|x86.ActiveCfg = Debug|Any CPU
		{50D0620A-B72B-4D10-AD4A-53CF660AA1D7}.Debug|x86.Build.0 = Debug|Any CPU
		{50D0620A-B72B-4D10-AD4A-53CF660AA1D7}.Release|Any CPU.ActiveCfg = Release|Any CPU
		{50D0620A-B72B-4D10-AD4A-53CF660AA1D7}.Release|Any CPU.Build.0 = Release|Any CPU
		{50D0620A-B72B-4D10-AD4A-53CF660AA1D7}.Release|x64.ActiveCfg = Release|Any CPU
		{50D0620A-B72B-4D10-AD4A-53CF660AA1D7}.Release|x64.Build.0 = Release|Any CPU
		{50D0620A-B72B-4D10-AD4A-53CF660AA1D7}.Release|x86.ActiveCfg = Release|Any CPU
		{50D0620A-B72B-4D10-AD4A-53CF660AA1D7}.Release|x86.Build.0 = Release|Any CPU
		{9AFEC68C-B017-41AF-928C-9B14CDC411DE}.Debug|Any CPU.ActiveCfg = Debug|Any CPU
		{9AFEC68C-B017-41AF-928C-9B14CDC411DE}.Debug|Any CPU.Build.0 = Debug|Any CPU
		{9AFEC68C-B017-41AF-928C-9B14CDC411DE}.Debug|x64.ActiveCfg = Debug|Any CPU
		{9AFEC68C-B017-41AF-928C-9B14CDC411DE}.Debug|x64.Build.0 = Debug|Any CPU
		{9AFEC68C-B017-41AF-928C-9B14CDC411DE}.Debug|x86.ActiveCfg = Debug|Any CPU
		{9AFEC68C-B017-41AF-928C-9B14CDC411DE}.Debug|x86.Build.0 = Debug|Any CPU
		{9AFEC68C-B017-41AF-928C-9B14CDC411DE}.Release|Any CPU.ActiveCfg = Release|Any CPU
		{9AFEC68C-B017-41AF-928C-9B14CDC411DE}.Release|Any CPU.Build.0 = Release|Any CPU
		{9AFEC68C-B017-41AF-928C-9B14CDC411DE}.Release|x64.ActiveCfg = Release|Any CPU
		{9AFEC68C-B017-41AF-928C-9B14CDC411DE}.Release|x64.Build.0 = Release|Any CPU
		{9AFEC68C-B017-41AF-928C-9B14CDC411DE}.Release|x86.ActiveCfg = Release|Any CPU
		{9AFEC68C-B017-41AF-928C-9B14CDC411DE}.Release|x86.Build.0 = Release|Any CPU
		{D8E66B8D-7484-4200-977C-17E5AD5DDE6C}.Debug|Any CPU.ActiveCfg = Debug|Any CPU
		{D8E66B8D-7484-4200-977C-17E5AD5DDE6C}.Debug|Any CPU.Build.0 = Debug|Any CPU
		{D8E66B8D-7484-4200-977C-17E5AD5DDE6C}.Debug|x64.ActiveCfg = Debug|Any CPU
		{D8E66B8D-7484-4200-977C-17E5AD5DDE6C}.Debug|x64.Build.0 = Debug|Any CPU
		{D8E66B8D-7484-4200-977C-17E5AD5DDE6C}.Debug|x86.ActiveCfg = Debug|Any CPU
		{D8E66B8D-7484-4200-977C-17E5AD5DDE6C}.Debug|x86.Build.0 = Debug|Any CPU
		{D8E66B8D-7484-4200-977C-17E5AD5DDE6C}.Release|Any CPU.ActiveCfg = Release|Any CPU
		{D8E66B8D-7484-4200-977C-17E5AD5DDE6C}.Release|Any CPU.Build.0 = Release|Any CPU
		{D8E66B8D-7484-4200-977C-17E5AD5DDE6C}.Release|x64.ActiveCfg = Release|Any CPU
		{D8E66B8D-7484-4200-977C-17E5AD5DDE6C}.Release|x64.Build.0 = Release|Any CPU
		{D8E66B8D-7484-4200-977C-17E5AD5DDE6C}.Release|x86.ActiveCfg = Release|Any CPU
		{D8E66B8D-7484-4200-977C-17E5AD5DDE6C}.Release|x86.Build.0 = Release|Any CPU
		{5B965645-30C2-4727-AECF-90B3FCC3F00A}.Debug|Any CPU.ActiveCfg = Debug|Any CPU
		{5B965645-30C2-4727-AECF-90B3FCC3F00A}.Debug|Any CPU.Build.0 = Debug|Any CPU
		{5B965645-30C2-4727-AECF-90B3FCC3F00A}.Debug|x64.ActiveCfg = Debug|Any CPU
		{5B965645-30C2-4727-AECF-90B3FCC3F00A}.Debug|x64.Build.0 = Debug|Any CPU
		{5B965645-30C2-4727-AECF-90B3FCC3F00A}.Debug|x86.ActiveCfg = Debug|Any CPU
		{5B965645-30C2-4727-AECF-90B3FCC3F00A}.Debug|x86.Build.0 = Debug|Any CPU
		{5B965645-30C2-4727-AECF-90B3FCC3F00A}.Release|Any CPU.ActiveCfg = Release|Any CPU
		{5B965645-30C2-4727-AECF-90B3FCC3F00A}.Release|Any CPU.Build.0 = Release|Any CPU
		{5B965645-30C2-4727-AECF-90B3FCC3F00A}.Release|x64.ActiveCfg = Release|Any CPU
		{5B965645-30C2-4727-AECF-90B3FCC3F00A}.Release|x64.Build.0 = Release|Any CPU
		{5B965645-30C2-4727-AECF-90B3FCC3F00A}.Release|x86.ActiveCfg = Release|Any CPU
		{5B965645-30C2-4727-AECF-90B3FCC3F00A}.Release|x86.Build.0 = Release|Any CPU
	EndGlobalSection
	GlobalSection(SolutionProperties) = preSolution
		HideSolutionNode = FALSE
	EndGlobalSection
	GlobalSection(NestedProjects) = preSolution
		{FAE85EAF-3D2B-4EAA-90EB-FC62985F1730} = {827E0CD3-B72D-47B6-A68D-7590B98EB39B}
		{090CF7DE-9402-4B61-BDCD-CFBCCF37020F} = {827E0CD3-B72D-47B6-A68D-7590B98EB39B}
		{B0D832D7-56B0-413E-BC71-12A9258638AB} = {827E0CD3-B72D-47B6-A68D-7590B98EB39B}
		{50D0620A-B72B-4D10-AD4A-53CF660AA1D7} = {827E0CD3-B72D-47B6-A68D-7590B98EB39B}
		{9AFEC68C-B017-41AF-928C-9B14CDC411DE} = {827E0CD3-B72D-47B6-A68D-7590B98EB39B}
		{D8E66B8D-7484-4200-977C-17E5AD5DDE6C} = {827E0CD3-B72D-47B6-A68D-7590B98EB39B}
		{5B965645-30C2-4727-AECF-90B3FCC3F00A} = {827E0CD3-B72D-47B6-A68D-7590B98EB39B}
	EndGlobalSection
EndGlobal
